{
  "name": "joelbladt.github.io",
  "version": "1.0.0",
  "lockfileVersion": 3,
  "requires": true,
  "packages": {
    "": {
      "name": "joelbladt.github.io",
      "version": "1.0.0",
      "license": "MIT",
      "dependencies": {
        "@filipecarneiro/hugo-bootstrap-theme": "^1.0.35"
      }
    },
    "node_modules/@filipecarneiro/hugo-bootstrap-theme": {
      "version": "1.0.35",
      "resolved": "https://registry.npmjs.org/@filipecarneiro/hugo-bootstrap-theme/-/hugo-bootstrap-theme-1.0.35.tgz",
      "integrity": "sha512-aqJSSfTn1Y40kBIJOTeGWDLyYF2ZSbUgn73oKWi//4DnfqAYoqNHOP3/awJYZ85IJCLmZz+z2e05j60MAUaQ0g==",
      "hasInstallScript": true
    }
  }
}
